
Microsoft Visual Studio Solution File, Format Version 12.00
# Visual Studio Version 17
VisualStudioVersion = 17.4.33122.133
MinimumVisualStudioVersion = 10.0.40219.1
Project("{FAE04EC0-301F-11D3-BF4B-00C04F79EFBC}") = "Afslutne opgave programmering skole", "Afslutne opgave programmering skole\Afslutne opgave programmering skole.csproj", "{F005B69C-CBF4-414A-B7A0-18BEE41E874E}"
EndProject
Global
	GlobalSection(SolutionConfigurationPlatforms) = preSolution
		Debug|Any CPU = Debug|Any CPU
		Release|Any CPU = Release|Any CPU
	EndGlobalSection
	GlobalSection(ProjectConfigurationPlatforms) = postSolution
		{F005B69C-CBF4-414A-B7A0-18BEE41E874E}.Debug|Any CPU.ActiveCfg = Debug|Any CPU
		{F005B69C-CBF4-414A-B7A0-18BEE41E874E}.Debug|Any CPU.Build.0 = Debug|Any CPU
		{F005B69C-CBF4-414A-B7A0-18BEE41E874E}.Release|Any CPU.ActiveCfg = Release|Any CPU
		{F005B69C-CBF4-414A-B7A0-18BEE41E874E}.Release|Any CPU.Build.0 = Release|Any CPU
	EndGlobalSection
	GlobalSection(SolutionProperties) = preSolution
		HideSolutionNode = FALSE
	EndGlobalSection
	GlobalSection(ExtensibilityGlobals) = postSolution
		SolutionGuid = {F0237FFE-A12A-4A74-A99D-28518FAA705C}
	EndGlobalSection
EndGlobal
